
Microsoft Visual Studio Solution File, Format Version 12.00
# Visual Studio Version 17
VisualStudioVersion = 17.0.31903.59
MinimumVisualStudioVersion = 10.0.40219.1
Project("{FAE04EC0-301F-11D3-BF4B-00C04F79EFBC}") = "Discoteque.API", "Discoteque.API\Discoteque.API.csproj", "{FE672A89-C19B-4AD8-B91F-77CDD68BE4DB}"
EndProject
Project("{FAE04EC0-301F-11D3-BF4B-00C04F79EFBC}") = "Discoteque.Business", "Discoteque.Business\Discoteque.Business.csproj", "{D8E77C12-5D15-40BA-BE18-FAC630B0D67B}"
EndProject
Project("{FAE04EC0-301F-11D3-BF4B-00C04F79EFBC}") = "Discoteque.Data", "Discoteque.Data\Discoteque.Data.csproj", "{FC34FBAE-9FB6-4702-9A9E-BA6E7E3D83EF}"
EndProject
Global
	GlobalSection(SolutionConfigurationPlatforms) = preSolution
		Debug|Any CPU = Debug|Any CPU
		Release|Any CPU = Release|Any CPU
	EndGlobalSection
	GlobalSection(SolutionProperties) = preSolution
		HideSolutionNode = FALSE
	EndGlobalSection
	GlobalSection(ProjectConfigurationPlatforms) = postSolution
		{FE672A89-C19B-4AD8-B91F-77CDD68BE4DB}.Debug|Any CPU.ActiveCfg = Debug|Any CPU
		{FE672A89-C19B-4AD8-B91F-77CDD68BE4DB}.Debug|Any CPU.Build.0 = Debug|Any CPU
		{FE672A89-C19B-4AD8-B91F-77CDD68BE4DB}.Release|Any CPU.ActiveCfg = Release|Any CPU
		{FE672A89-C19B-4AD8-B91F-77CDD68BE4DB}.Release|Any CPU.Build.0 = Release|Any CPU
		{D8E77C12-5D15-40BA-BE18-FAC630B0D67B}.Debug|Any CPU.ActiveCfg = Debug|Any CPU
		{D8E77C12-5D15-40BA-BE18-FAC630B0D67B}.Debug|Any CPU.Build.0 = Debug|Any CPU
		{D8E77C12-5D15-40BA-BE18-FAC630B0D67B}.Release|Any CPU.ActiveCfg = Release|Any CPU
		{D8E77C12-5D15-40BA-BE18-FAC630B0D67B}.Release|Any CPU.Build.0 = Release|Any CPU
		{FC34FBAE-9FB6-4702-9A9E-BA6E7E3D83EF}.Debug|Any CPU.ActiveCfg = Debug|Any CPU
		{FC34FBAE-9FB6-4702-9A9E-BA6E7E3D83EF}.Debug|Any CPU.Build.0 = Debug|Any CPU
		{FC34FBAE-9FB6-4702-9A9E-BA6E7E3D83EF}.Release|Any CPU.ActiveCfg = Release|Any CPU
		{FC34FBAE-9FB6-4702-9A9E-BA6E7E3D83EF}.Release|Any CPU.Build.0 = Release|Any CPU
	EndGlobalSection
EndGlobal
